
Microsoft Visual Studio Solution File, Format Version 12.00
# Visual Studio 15
VisualStudioVersion = 15.0.26430.14
MinimumVisualStudioVersion = 10.0.40219.1
Project("{FAE04EC0-301F-11D3-BF4B-00C04F79EFBC}") = "AnsiColorOut", "AnsiColorOut\AnsiColorOut.csproj", "{86074F90-6CBE-43CF-A9DA-5289F1BBEBB0}"
EndProject
Project("{2150E333-8FDC-42A3-9474-1A3956D46DE8}") = "Solution Items", "Solution Items", "{FB25295A-3B2A-4DE9-87EE-234034B10CE6}"
	ProjectSection(SolutionItems) = preProject
		.gitignore = .gitignore
		license.txt = license.txt
		README.md = README.md
	EndProjectSection
EndProject
Project("{2150E333-8FDC-42A3-9474-1A3956D46DE8}") = "scripts", "scripts", "{2F338FB0-7079-4795-BBEB-C26D6CE8EC7E}"
	ProjectSection(SolutionItems) = preProject
		scripts\ansicolorout.msbuild.xml = scripts\ansicolorout.msbuild.xml
	EndProjectSection
EndProject
Global
	GlobalSection(SolutionConfigurationPlatforms) = preSolution
		Debug|Any CPU = Debug|Any CPU
		Release|Any CPU = Release|Any CPU
	EndGlobalSection
	GlobalSection(ProjectConfigurationPlatforms) = postSolution
		{86074F90-6CBE-43CF-A9DA-5289F1BBEBB0}.Debug|Any CPU.ActiveCfg = Debug|Any CPU
		{86074F90-6CBE-43CF-A9DA-5289F1BBEBB0}.Debug|Any CPU.Build.0 = Debug|Any CPU
		{86074F90-6CBE-43CF-A9DA-5289F1BBEBB0}.Release|Any CPU.ActiveCfg = Release|Any CPU
		{86074F90-6CBE-43CF-A9DA-5289F1BBEBB0}.Release|Any CPU.Build.0 = Release|Any CPU
	EndGlobalSection
	GlobalSection(SolutionProperties) = preSolution
		HideSolutionNode = FALSE
	EndGlobalSection
EndGlobal
